{
  "name": "textextensions",
  "version": "2.5.0",
  "lockfileVersion": 1,
  "requires": true,
  "dependencies": {
    "@types/ansicolors": {
      "version": "0.0.31",
      "resolved": "https://registry.npmjs.org/@types/ansicolors/-/ansicolors-0.0.31.tgz",
      "integrity": "sha512-ZDdueHJ22zUiK9hQyMFqZE0lVXMq+5FNg98Nzh8iZSycRliaaOHj7AlS21Ug0yDfbl2KBdh/6wMHEc2+ItTrWQ==",
      "dev": true
    },
    "@types/diff": {
      "version": "3.5.3",
      "resolved": "https://registry.npmjs.org/@types/diff/-/diff-3.5.3.tgz",
      "integrity": "sha512-YrLagYnL+tfrgM7bQ5yW34pi5cg9pmh5Gbq2Lmuuh+zh0ZjmK2fU3896PtlpJT3IDG2rdkoG30biHJepgIsMnw==",
      "dev": true
    },
    "@types/node": {
      "version": "10.14.13",
      "resolved": "https://registry.npmjs.org/@types/node/-/node-10.14.13.tgz",
      "integrity": "sha512-yN/FNNW1UYsRR1wwAoyOwqvDuLDtVXnaJTZ898XIw/Q5cCaeVAlVwvsmXLX5PuiScBYwZsZU4JYSHB3TvfdwvQ==",
      "dev": true
    },
    "ambi": {
      "version": "3.1.1",
      "resolved": "https://registry.npmjs.org/ambi/-/ambi-3.1.1.tgz",
      "integrity": "sha512-aObUKDykDPXOvovML+jDLJMw1cRS3/VhYb7vI3GmtQB7hmWeILWDzMYwC/9pljYL5gK3ZMb2QzUA9qQn5VAx7A==",
      "dev": true,
      "requires": {
        "editions": "^2.0.2",
        "typechecker": "^4.3.0"
      },
      "dependencies": {
        "editions": {
          "version": "2.0.2",
          "resolved": "https://registry.npmjs.org/editions/-/editions-2.0.2.tgz",
          "integrity": "sha512-0B8aSTWUu9+JW99zHoeogavCi+lkE5l35FK0OKe0pCobixJYoeof3ZujtqYzSsU2MskhRadY5V9oWUuyG4aJ3A==",
          "dev": true,
          "requires": {
            "errlop": "^1.0.2",
            "semver": "^5.5.0"
          }
        }
      }
    },
    "ansi-regex": {
      "version": "2.1.1",
      "resolved": "https://registry.npmjs.org/ansi-regex/-/ansi-regex-2.1.1.tgz",
      "integrity": "sha1-w7M6te42DYbg5ijwRorn7yfWVN8=",
      "dev": true
    },
    "ansicolors": {
      "version": "0.3.2",
      "resolved": "https://registry.npmjs.org/ansicolors/-/ansicolors-0.3.2.tgz",
      "integrity": "sha1-ZlWX3oap/+Oqm/vmyuXG6kJrSXk=",
      "dev": true
    },
    "ansistyles": {
      "version": "0.1.3",
      "resolved": "https://registry.npmjs.org/ansistyles/-/ansistyles-0.1.3.tgz",
      "integrity": "sha1-XeYEFb2gcbs3EnhUyGT0GyMlRTk=",
      "dev": true
    },
    "assert-helpers": {
      "version": "4.9.6",
      "resolved": "https://registry.npmjs.org/assert-helpers/-/assert-helpers-4.9.6.tgz",
      "integrity": "sha512-5qaRFvWFvwDpkuf+kLmWUANXiR9btg5xODsj1S+waYXCP/c6eYm3l5e71Lip/bvFn9vaJDf3uCiBk02sWvEBqA==",
      "dev": true,
      "requires": {
        "@types/ansicolors": "^0.0.31",
        "@types/diff": "^3.5.2",
        "@types/node": "^10.12.17",
        "ansicolors": "^0.3.2",
        "diff": "^3.5.0",
        "editions": "^2.1.3"
      },
      "dependencies": {
        "editions": {
          "version": "2.1.3",
          "resolved": "https://registry.npmjs.org/editions/-/editions-2.1.3.tgz",
          "integrity": "sha512-xDZyVm0A4nLgMNWVVLJvcwMjI80ShiH/27RyLiCnW1L273TcJIA25C4pwJ33AWV01OX6UriP35Xu+lH4S7HWQw==",
          "dev": true,
          "requires": {
            "errlop": "^1.1.1",
            "semver": "^5.6.0"
          }
        },
        "errlop": {
          "version": "1.1.1",
          "resolved": "https://registry.npmjs.org/errlop/-/errlop-1.1.1.tgz",
          "integrity": "sha512-WX7QjiPHhsny7/PQvrhS5VMizXXKoKCS3udaBp8gjlARdbn+XmK300eKBAAN0hGyRaTCtRpOaxK+xFVPUJ3zkw==",
          "dev": true,
          "requires": {
            "editions": "^2.1.2"
          }
        },
        "semver": {
          "version": "5.7.0",
          "resolved": "https://registry.npmjs.org/semver/-/semver-5.7.0.tgz",
          "integrity": "sha512-Ya52jSX2u7QKghxeoFGpLwCtGlt7j0oY9DYb5apt9nPlJ42ID+ulTXESnt/qAQcoSERyZ5sl3LDIOw0nAn/5DA==",
          "dev": true
        }
      }
    },
    "async": {
      "version": "1.5.2",
      "resolved": "https://registry.npmjs.org/async/-/async-1.5.2.tgz",
      "integrity": "sha1-7GphrlZIDAw8skHJVhjiCJL5Zyo=",
      "dev": true
    },
    "badges": {
      "version": "1.3.0",
      "resolved": "https://registry.npmjs.org/badges/-/badges-1.3.0.tgz",
      "integrity": "sha512-nYO0YYkYb1LUcnAL6rqTstB7Z0WC5x5/Bb32qadW1q+Mt+MfYMlDz7RDDx0Qr9+bdHHH6bdAyUAQtnNJxCCOEw==",
      "dev": true,
      "requires": {
        "editions": "^2.1.0"
      },
      "dependencies": {
        "editions": {
          "version": "2.2.0",
          "resolved": "https://registry.npmjs.org/editions/-/editions-2.2.0.tgz",
          "integrity": "sha512-RYg3iEA2BDLCNVe8PUkD+ox5vAKxB9XS/mAhx1bdxGCF0CpX077C0pyTA9t5D6idCYA3avl5/XDHKPsHFrygfw==",
          "dev": true,
          "requires": {
            "errlop": "^1.1.2",
            "semver": "^6.3.0"
          }
        },
        "errlop": {
          "version": "1.1.2",
          "resolved": "https://registry.npmjs.org/errlop/-/errlop-1.1.2.tgz",
          "integrity": "sha512-djkRp+urJ+SmqDBd7F6LUgm4Be1TTYBxia2bhjNdFBuBDQtJDHExD2VbxR6eyst3h1TZy3qPRCdqb6FBoFttTA==",
          "dev": true,
          "requires": {
            "editions": "^2.1.3"
          }
        },
        "semver": {
          "version": "6.3.0",
          "resolved": "https://registry.npmjs.org/semver/-/semver-6.3.0.tgz",
          "integrity": "sha512-b39TBaTSfV6yBrapU89p5fKekE2m/NwnDocOVruQFS1/veMgdzuPcnOM34M6CwxW8jH/lxEa5rBoDeUwu5HHTw==",
          "dev": true
        }
      }
    },
    "balanced-match": {
      "version": "1.0.0",
      "resolved": "https://registry.npmjs.org/balanced-match/-/balanced-match-1.0.0.tgz",
      "integrity": "sha1-ibTRmasr7kneFk6gK4nORi1xt2c=",
      "dev": true
    },
    "binaryextensions": {
      "version": "2.1.2",
      "resolved": "https://registry.npmjs.org/binaryextensions/-/binaryextensions-2.1.2.tgz",
      "integrity": "sha512-xVNN69YGDghOqCCtA6FI7avYrr02mTJjOgB0/f1VPD3pJC8QEvjTKWc4epDx8AqxxA75NI0QpVM2gPJXUbE4Tg==",
      "dev": true
    },
    "brace-expansion": {
      "version": "1.1.11",
      "resolved": "https://registry.npmjs.org/brace-expansion/-/brace-expansion-1.1.11.tgz",
      "integrity": "sha512-iCuPHDFgrHX7H2vEI/5xpz07zSHB00TpugqhmYtVmMO6518mCuRMoOYFldEBl0g187ufozdaHgWKcYFb61qGiA==",
      "dev": true,
      "requires": {
        "balanced-match": "^1.0.0",
        "concat-map": "0.0.1"
      }
    },
    "camelcase": {
      "version": "2.1.1",
      "resolved": "https://registry.npmjs.org/camelcase/-/camelcase-2.1.1.tgz",
      "integrity": "sha1-fB0W1nmhu+WcoCys7PsBHiAfWh8=",
      "dev": true
    },
    "caterpillar": {
      "version": "3.2.0",
      "resolved": "https://registry.npmjs.org/caterpillar/-/caterpillar-3.2.0.tgz",
      "integrity": "sha512-OXbi2kJkNBRnrq7rG1AL3zXAUlWcuwP/lwGkW6ZIAHfW3jpZCzWp2s69paw08k9QM+PuA+qcyiqAiSTZNLO+ag==",
      "dev": true,
      "requires": {
        "editions": "^2.1.3",
        "extendr": "^3.2.0",
        "rfc-log-levels": "^1.0.0"
      },
      "dependencies": {
        "editions": {
          "version": "2.2.0",
          "resolved": "https://registry.npmjs.org/editions/-/editions-2.2.0.tgz",
          "integrity": "sha512-RYg3iEA2BDLCNVe8PUkD+ox5vAKxB9XS/mAhx1bdxGCF0CpX077C0pyTA9t5D6idCYA3avl5/XDHKPsHFrygfw==",
          "dev": true,
          "requires": {
            "errlop": "^1.1.2",
            "semver": "^6.3.0"
          }
        },
        "errlop": {
          "version": "1.1.2",
          "resolved": "https://registry.npmjs.org/errlop/-/errlop-1.1.2.tgz",
          "integrity": "sha512-djkRp+urJ+SmqDBd7F6LUgm4Be1TTYBxia2bhjNdFBuBDQtJDHExD2VbxR6eyst3h1TZy3qPRCdqb6FBoFttTA==",
          "dev": true,
          "requires": {
            "editions": "^2.1.3"
          }
        },
        "semver": {
          "version": "6.3.0",
          "resolved": "https://registry.npmjs.org/semver/-/semver-6.3.0.tgz",
          "integrity": "sha512-b39TBaTSfV6yBrapU89p5fKekE2m/NwnDocOVruQFS1/veMgdzuPcnOM34M6CwxW8jH/lxEa5rBoDeUwu5HHTw==",
          "dev": true
        }
      }
    },
    "caterpillar-filter": {
      "version": "3.1.0",
      "resolved": "https://registry.npmjs.org/caterpillar-filter/-/caterpillar-filter-3.1.0.tgz",
      "integrity": "sha512-a1IPgk2MMVxrCYihwLlR6zbjiLHX7UqxzlNPw69Rj6ak6CivdliWGlhwg0mgbu6J+gYmnKmJYbqnLzA2Ze67+Q==",
      "dev": true,
      "requires": {
        "editions": "^2.1.3"
      },
      "dependencies": {
        "editions": {
          "version": "2.2.0",
          "resolved": "https://registry.npmjs.org/editions/-/editions-2.2.0.tgz",
          "integrity": "sha512-RYg3iEA2BDLCNVe8PUkD+ox5vAKxB9XS/mAhx1bdxGCF0CpX077C0pyTA9t5D6idCYA3avl5/XDHKPsHFrygfw==",
          "dev": true,
          "requires": {
            "errlop": "^1.1.2",
            "semver": "^6.3.0"
          }
        },
        "errlop": {
          "version": "1.1.2",
          "resolved": "https://registry.npmjs.org/errlop/-/errlop-1.1.2.tgz",
          "integrity": "sha512-djkRp+urJ+SmqDBd7F6LUgm4Be1TTYBxia2bhjNdFBuBDQtJDHExD2VbxR6eyst3h1TZy3qPRCdqb6FBoFttTA==",
          "dev": true,
          "requires": {
            "editions": "^2.1.3"
          }
        },
        "semver": {
          "version": "6.3.0",
          "resolved": "https://registry.npmjs.org/semver/-/semver-6.3.0.tgz",
          "integrity": "sha512-b39TBaTSfV6yBrapU89p5fKekE2m/NwnDocOVruQFS1/veMgdzuPcnOM34M6CwxW8jH/lxEa5rBoDeUwu5HHTw==",
          "dev": true
        }
      }
    },
    "caterpillar-human": {
      "version": "3.0.0",
      "resolved": "https://registry.npmjs.org/caterpillar-human/-/caterpillar-human-3.0.0.tgz",
      "integrity": "sha1-PcytsXL7fuifjSo1skdc0/FaFXo=",
      "dev": true,
      "requires": {
        "ansicolors": "~0.3.2",
        "ansistyles": "~0.1.3",
        "editions": "^1.1.1"
      }
    },
    "cli-color": {
      "version": "1.4.0",
      "resolved": "https://registry.npmjs.org/cli-color/-/cli-color-1.4.0.tgz",
      "integrity": "sha512-xu6RvQqqrWEo6MPR1eixqGPywhYBHRs653F9jfXB2Hx4jdM/3WxiNE1vppRmxtMIfl16SFYTpYlrnqH/HsK/2w==",
      "dev": true,
      "optional": true,
      "requires": {
        "ansi-regex": "^2.1.1",
        "d": "1",
        "es5-ext": "^0.10.46",
        "es6-iterator": "^2.0.3",
        "memoizee": "^0.4.14",
        "timers-ext": "^0.1.5"
      }
    },
    "cliui": {
      "version": "3.2.0",
      "resolved": "https://registry.npmjs.org/cliui/-/cliui-3.2.0.tgz",
      "integrity": "sha1-EgYBU3qRbSmUD5NNo7SNWFo5IT0=",
      "dev": true,
      "requires": {
        "string-width": "^1.0.1",
        "strip-ansi": "^3.0.1",
        "wrap-ansi": "^2.0.0"
      }
    },
    "code-point-at": {
      "version": "1.1.0",
      "resolved": "https://registry.npmjs.org/code-point-at/-/code-point-at-1.1.0.tgz",
      "integrity": "sha1-DQcLTQQ6W+ozovGkDi7bPZpMz3c=",
      "dev": true
    },
    "coffee-script": {
      "version": "1.12.7",
      "resolved": "https://registry.npmjs.org/coffee-script/-/coffee-script-1.12.7.tgz",
      "integrity": "sha512-fLeEhqwymYat/MpTPUjSKHVYYl0ec2mOyALEMLmzr5i1isuG+6jfI2j2d5oBO3VIzgUXgBVIcOT9uH1TFxBckw==",
      "dev": true
    },
    "commander": {
      "version": "3.0.2",
      "resolved": "https://registry.npmjs.org/commander/-/commander-3.0.2.tgz",
      "integrity": "sha512-Gar0ASD4BDyKC4hl4DwHqDrmvjoxWKZigVnAbn5H1owvm4CxCPdb0HQDehwNYMJpla5+M2tPmPARzhtYuwpHow==",
      "dev": true
    },
    "concat-map": {
      "version": "0.0.1",
      "resolved": "https://registry.npmjs.org/concat-map/-/concat-map-0.0.1.tgz",
      "integrity": "sha1-2Klr13/Wjfd5OnMDajug1UBdR3s=",
      "dev": true
    },
    "cson-parser": {
      "version": "1.3.5",
      "resolved": "https://registry.npmjs.org/cson-parser/-/cson-parser-1.3.5.tgz",
      "integrity": "sha1-fsZ14DkUVTO/KmqFYHPxWZ2cLSQ=",
      "dev": true,
      "requires": {
        "coffee-script": "^1.10.0"
      }
    },
    "d": {
      "version": "1.0.0",
      "resolved": "http://registry.npmjs.org/d/-/d-1.0.0.tgz",
      "integrity": "sha1-dUu1v+VUUdpppYuU1F9MWwRi1Y8=",
      "dev": true,
      "requires": {
        "es5-ext": "^0.10.9"
      }
    },
    "decamelize": {
      "version": "1.2.0",
      "resolved": "https://registry.npmjs.org/decamelize/-/decamelize-1.2.0.tgz",
      "integrity": "sha1-9lNNFRSCabIDUue+4m9QH5oZEpA=",
      "dev": true
    },
    "diff": {
      "version": "3.5.0",
      "resolved": "https://registry.npmjs.org/diff/-/diff-3.5.0.tgz",
      "integrity": "sha512-A46qtFgd+g7pDZinpnwiRJtxbC1hpgf0uzP3iG89scHk0AUC7A1TGxf5OiiOUv/JMZR8GOt8hL900hV0bOy5xA==",
      "dev": true
    },
    "eachr": {
      "version": "3.2.0",
      "resolved": "https://registry.npmjs.org/eachr/-/eachr-3.2.0.tgz",
      "integrity": "sha1-LDXkPqCGUW95l8+At6pk1VpKRIQ=",
      "dev": true,
      "requires": {
        "editions": "^1.1.1",
        "typechecker": "^4.3.0"
      }
    },
    "editions": {
      "version": "1.3.4",
      "resolved": "https://registry.npmjs.org/editions/-/editions-1.3.4.tgz",
      "integrity": "sha512-gzao+mxnYDzIysXKMQi/+M1mjy/rjestjg6OPoYTtI+3Izp23oiGZitsl9lPDPiTGXbcSIk1iJWhliSaglxnUg==",
      "dev": true
    },
    "errlop": {
      "version": "1.0.3",
      "resolved": "https://registry.npmjs.org/errlop/-/errlop-1.0.3.tgz",
      "integrity": "sha512-5VTnt0yikY4LlQEfCXVSqfE6oLj1HVM4zVSvAKMnoYjL/zrb6nqiLowZS4XlG7xENfyj7lpYWvT+wfSCr6dtlA==",
      "dev": true,
      "requires": {
        "editions": "^1.3.4"
      }
    },
    "es5-ext": {
      "version": "0.10.46",
      "resolved": "https://registry.npmjs.org/es5-ext/-/es5-ext-0.10.46.tgz",
      "integrity": "sha512-24XxRvJXNFwEMpJb3nOkiRJKRoupmjYmOPVlI65Qy2SrtxwOTB+g6ODjBKOtwEHbYrhWRty9xxOWLNdClT2djw==",
      "dev": true,
      "requires": {
        "es6-iterator": "~2.0.3",
        "es6-symbol": "~3.1.1",
        "next-tick": "1"
      }
    },
    "es6-iterator": {
      "version": "2.0.3",
      "resolved": "https://registry.npmjs.org/es6-iterator/-/es6-iterator-2.0.3.tgz",
      "integrity": "sha1-p96IkUGgWpSwhUQDstCg+/qY87c=",
      "dev": true,
      "requires": {
        "d": "1",
        "es5-ext": "^0.10.35",
        "es6-symbol": "^3.1.1"
      }
    },
    "es6-symbol": {
      "version": "3.1.1",
      "resolved": "https://registry.npmjs.org/es6-symbol/-/es6-symbol-3.1.1.tgz",
      "integrity": "sha1-vwDvT9q2uhtG7Le2KbTH7VcVzHc=",
      "dev": true,
      "requires": {
        "d": "1",
        "es5-ext": "~0.10.14"
      }
    },
    "es6-weak-map": {
      "version": "2.0.2",
      "resolved": "https://registry.npmjs.org/es6-weak-map/-/es6-weak-map-2.0.2.tgz",
      "integrity": "sha1-XjqzIlH/0VOKH45f+hNXdy+S2W8=",
      "dev": true,
      "optional": true,
      "requires": {
        "d": "1",
        "es5-ext": "^0.10.14",
        "es6-iterator": "^2.0.1",
        "es6-symbol": "^3.1.1"
      }
    },
    "event-emitter": {
      "version": "0.3.5",
      "resolved": "https://registry.npmjs.org/event-emitter/-/event-emitter-0.3.5.tgz",
      "integrity": "sha1-34xp7vFkeSPHFXuc6DhAYQsCzDk=",
      "dev": true,
      "optional": true,
      "requires": {
        "d": "1",
        "es5-ext": "~0.10.14"
      }
    },
    "event-emitter-grouped": {
      "version": "2.7.1",
      "resolved": "https://registry.npmjs.org/event-emitter-grouped/-/event-emitter-grouped-2.7.1.tgz",
      "integrity": "sha512-SKeWdzwPRyUTkc6ixmnTwLXqYX4LdpKSNliqm95NxUxzwsT+Bu+eEmgalRajPY5SHcbOG/9UHHao8+p5BI3uQA==",
      "dev": true,
      "requires": {
        "editions": "^2.0.2",
        "taskgroup": "^5.0.0",
        "unbounded": "^1.1.0"
      },
      "dependencies": {
        "editions": {
          "version": "2.0.2",
          "resolved": "https://registry.npmjs.org/editions/-/editions-2.0.2.tgz",
          "integrity": "sha512-0B8aSTWUu9+JW99zHoeogavCi+lkE5l35FK0OKe0pCobixJYoeof3ZujtqYzSsU2MskhRadY5V9oWUuyG4aJ3A==",
          "dev": true,
          "requires": {
            "errlop": "^1.0.2",
            "semver": "^5.5.0"
          }
        }
      }
    },
    "extendr": {
      "version": "3.3.0",
      "resolved": "https://registry.npmjs.org/extendr/-/extendr-3.3.0.tgz",
      "integrity": "sha512-BmBSu+KOX2XOo3XMECiekGY8VAr3O4aGYgOaHQDNg2ez5rOYW+SDfNStao4VNzr+6N27Vw3A7HJKJMrHmAAXvQ==",
      "dev": true,
      "requires": {
        "editions": "^1.3.3",
        "typechecker": "^4.4.1"
      }
    },
    "fellow": {
      "version": "2.4.0",
      "resolved": "https://registry.npmjs.org/fellow/-/fellow-2.4.0.tgz",
      "integrity": "sha512-KaUsQHShjsUvqIMg+AH9A5CeS2C4ZGlIqrObHgwH2AHUyHzkvs1p0+dpxgzsFDtmr7McgWXFyRVsrUDiMKUtxQ==",
      "dev": true,
      "requires": {
        "editions": "^2.1.3"
      },
      "dependencies": {
        "editions": {
          "version": "2.2.0",
          "resolved": "https://registry.npmjs.org/editions/-/editions-2.2.0.tgz",
          "integrity": "sha512-RYg3iEA2BDLCNVe8PUkD+ox5vAKxB9XS/mAhx1bdxGCF0CpX077C0pyTA9t5D6idCYA3avl5/XDHKPsHFrygfw==",
          "dev": true,
          "requires": {
            "errlop": "^1.1.2",
            "semver": "^6.3.0"
          }
        },
        "errlop": {
          "version": "1.1.2",
          "resolved": "https://registry.npmjs.org/errlop/-/errlop-1.1.2.tgz",
          "integrity": "sha512-djkRp+urJ+SmqDBd7F6LUgm4Be1TTYBxia2bhjNdFBuBDQtJDHExD2VbxR6eyst3h1TZy3qPRCdqb6FBoFttTA==",
          "dev": true,
          "requires": {
            "editions": "^2.1.3"
          }
        },
        "semver": {
          "version": "6.3.0",
          "resolved": "https://registry.npmjs.org/semver/-/semver-6.3.0.tgz",
          "integrity": "sha512-b39TBaTSfV6yBrapU89p5fKekE2m/NwnDocOVruQFS1/veMgdzuPcnOM34M6CwxW8jH/lxEa5rBoDeUwu5HHTw==",
          "dev": true
        }
      }
    },
    "filename-reserved-regex": {
      "version": "2.0.0",
      "resolved": "https://registry.npmjs.org/filename-reserved-regex/-/filename-reserved-regex-2.0.0.tgz",
      "integrity": "sha1-q/c9+rc10EVECr/qLZHzieu/oik=",
      "dev": true
    },
    "fs-plus": {
      "version": "3.1.1",
      "resolved": "https://registry.npmjs.org/fs-plus/-/fs-plus-3.1.1.tgz",
      "integrity": "sha512-Se2PJdOWXqos1qVTkvqqjb0CSnfBnwwD+pq+z4ksT+e97mEShod/hrNg0TRCCsXPbJzcIq+NuzQhigunMWMJUA==",
      "dev": true,
      "requires": {
        "async": "^1.5.2",
        "mkdirp": "^0.5.1",
        "rimraf": "^2.5.2",
        "underscore-plus": "1.x"
      }
    },
    "fs.realpath": {
      "version": "1.0.0",
      "resolved": "https://registry.npmjs.org/fs.realpath/-/fs.realpath-1.0.0.tgz",
      "integrity": "sha1-FQStJSMVjKpA20onh8sBQRmU6k8=",
      "dev": true
    },
    "githubauthquerystring": {
      "version": "1.0.2",
      "resolved": "https://registry.npmjs.org/githubauthquerystring/-/githubauthquerystring-1.0.2.tgz",
      "integrity": "sha512-yT9Toj5fTbKui65bprMgN7WvaQGoVSTvbKQrDgvrNKW+CklV1GNruhH504cC6SHOlhDnl7kauo25fX6hQz+2fw==",
      "dev": true
    },
    "glob": {
      "version": "7.1.6",
      "resolved": "https://registry.npmjs.org/glob/-/glob-7.1.6.tgz",
      "integrity": "sha512-LwaxwyZ72Lk7vZINtNNrywX0ZuLyStrdDtabefZKAY5ZGJhVtgdznluResxNmPitE0SAO+O26sWTHeKSI2wMBA==",
      "dev": true,
      "requires": {
        "fs.realpath": "^1.0.0",
        "inflight": "^1.0.4",
        "inherits": "2",
        "minimatch": "^3.0.4",
        "once": "^1.3.0",
        "path-is-absolute": "^1.0.0"
      }
    },
    "graceful-fs": {
      "version": "4.2.3",
      "resolved": "https://registry.npmjs.org/graceful-fs/-/graceful-fs-4.2.3.tgz",
      "integrity": "sha512-a30VEBm4PEdx1dRB7MFK7BejejvCvBronbLjht+sHuGYj8PHs7M/5Z+rt5lw551vZ7yfTCj4Vuyy3mSJytDWRQ==",
      "dev": true
    },
    "inflight": {
      "version": "1.0.6",
      "resolved": "https://registry.npmjs.org/inflight/-/inflight-1.0.6.tgz",
      "integrity": "sha1-Sb1jMdfQLQwJvJEKEHW6gWW1bfk=",
      "dev": true,
      "requires": {
        "once": "^1.3.0",
        "wrappy": "1"
      }
    },
    "inherits": {
      "version": "2.0.4",
      "resolved": "https://registry.npmjs.org/inherits/-/inherits-2.0.4.tgz",
      "integrity": "sha512-k/vGaX4/Yla3WzyMCvTQOXYeIHvqOKtnqBduzTHpzpQZzAskKMhZ2K+EnBiSM9zGSoIFeMpXKxa4dYeZIQqewQ==",
      "dev": true
    },
    "invert-kv": {
      "version": "1.0.0",
      "resolved": "https://registry.npmjs.org/invert-kv/-/invert-kv-1.0.0.tgz",
      "integrity": "sha1-EEqOSqym09jNFXqO+L+rLXo//bY=",
      "dev": true
    },
    "is-fullwidth-code-point": {
      "version": "1.0.0",
      "resolved": "https://registry.npmjs.org/is-fullwidth-code-point/-/is-fullwidth-code-point-1.0.0.tgz",
      "integrity": "sha1-754xOG8DGn8NZDr4L95QxFfvAMs=",
      "dev": true,
      "requires": {
        "number-is-nan": "^1.0.0"
      }
    },
    "is-promise": {
      "version": "2.1.0",
      "resolved": "https://registry.npmjs.org/is-promise/-/is-promise-2.1.0.tgz",
      "integrity": "sha1-eaKp7OfwlugPNtKy87wWwf9L8/o=",
      "dev": true,
      "optional": true
    },
    "joe": {
      "version": "2.0.2",
      "resolved": "https://registry.npmjs.org/joe/-/joe-2.0.2.tgz",
      "integrity": "sha1-iHTrV9w+tDFVj37RX9VYBdDvb08=",
      "dev": true,
      "requires": {
        "editions": "^1.3.1",
        "event-emitter-grouped": "^2.5.0",
        "taskgroup": "^5.0.1"
      }
    },
    "joe-reporter-console": {
      "version": "2.0.2",
      "resolved": "https://registry.npmjs.org/joe-reporter-console/-/joe-reporter-console-2.0.2.tgz",
      "integrity": "sha512-M/TWzAj8oKWv34vBd9VaRhi7ueE9wiui6M4D+wRGrh+zzH5FOXWIFFV+1S7q3XQxAeC2A5euSIKgc1bmhboQ/g==",
      "dev": true,
      "requires": {
        "cli-color": "^1.1.0",
        "editions": "^1.3.4"
      }
    },
    "lcid": {
      "version": "1.0.0",
      "resolved": "https://registry.npmjs.org/lcid/-/lcid-1.0.0.tgz",
      "integrity": "sha1-MIrMr6C8SDo4Z7S28rlQYlHRuDU=",
      "dev": true,
      "requires": {
        "invert-kv": "^1.0.0"
      }
    },
    "lru-queue": {
      "version": "0.1.0",
      "resolved": "https://registry.npmjs.org/lru-queue/-/lru-queue-0.1.0.tgz",
      "integrity": "sha1-Jzi9nw089PhEkMVzbEhpmsYyzaM=",
      "dev": true,
      "optional": true,
      "requires": {
        "es5-ext": "~0.10.2"
      }
    },
    "memoizee": {
      "version": "0.4.14",
      "resolved": "https://registry.npmjs.org/memoizee/-/memoizee-0.4.14.tgz",
      "integrity": "sha512-/SWFvWegAIYAO4NQMpcX+gcra0yEZu4OntmUdrBaWrJncxOqAziGFlHxc7yjKVK2uu3lpPW27P27wkR82wA8mg==",
      "dev": true,
      "optional": true,
      "requires": {
        "d": "1",
        "es5-ext": "^0.10.45",
        "es6-weak-map": "^2.0.2",
        "event-emitter": "^0.3.5",
        "is-promise": "^2.1",
        "lru-queue": "0.1",
        "next-tick": "1",
        "timers-ext": "^0.1.5"
      }
    },
    "minimatch": {
      "version": "3.0.4",
      "resolved": "https://registry.npmjs.org/minimatch/-/minimatch-3.0.4.tgz",
      "integrity": "sha512-yJHVQEhyqPLUTgt9B83PXu6W3rx4MvvHvSUvToogpwoGDOUQ+yDrR0HRot+yOCdCO7u4hX3pWft6kWBBcqh0UA==",
      "dev": true,
      "requires": {
        "brace-expansion": "^1.1.7"
      }
    },
    "minimist": {
      "version": "0.0.8",
      "resolved": "https://registry.npmjs.org/minimist/-/minimist-0.0.8.tgz",
      "integrity": "sha1-hX/Kv8M5fSYluCKCYuhqp6ARsF0=",
      "dev": true
    },
    "mkdirp": {
      "version": "0.5.1",
      "resolved": "https://registry.npmjs.org/mkdirp/-/mkdirp-0.5.1.tgz",
      "integrity": "sha1-MAV0OOrGz3+MR2fzhkjWaX11yQM=",
      "dev": true,
      "requires": {
        "minimist": "0.0.8"
      }
    },
    "next-tick": {
      "version": "1.0.0",
      "resolved": "http://registry.npmjs.org/next-tick/-/next-tick-1.0.0.tgz",
      "integrity": "sha1-yobR/ogoFpsBICCOPchCS524NCw=",
      "dev": true
    },
    "node-fetch": {
      "version": "2.6.0",
      "resolved": "https://registry.npmjs.org/node-fetch/-/node-fetch-2.6.0.tgz",
      "integrity": "sha512-8dG4H5ujfvFiqDmVu9fQ5bOHUC15JMjMY/Zumv26oOvvVJjM67KF8koCWIabKQ1GJIa9r2mMZscBq/TbdOcmNA==",
      "dev": true
    },
    "number-is-nan": {
      "version": "1.0.1",
      "resolved": "https://registry.npmjs.org/number-is-nan/-/number-is-nan-1.0.1.tgz",
      "integrity": "sha1-CXtgK1NCKlIsGvuHkDGDNpQaAR0=",
      "dev": true
    },
    "once": {
      "version": "1.4.0",
      "resolved": "https://registry.npmjs.org/once/-/once-1.4.0.tgz",
      "integrity": "sha1-WDsap3WWHUsROsF9nFC6753Xa9E=",
      "dev": true,
      "requires": {
        "wrappy": "1"
      }
    },
    "os-locale": {
      "version": "1.4.0",
      "resolved": "https://registry.npmjs.org/os-locale/-/os-locale-1.4.0.tgz",
      "integrity": "sha1-IPnxeuKe00XoveWDsT0gCYA8FNk=",
      "dev": true,
      "requires": {
        "lcid": "^1.0.0"
      }
    },
    "path-is-absolute": {
      "version": "1.0.1",
      "resolved": "https://registry.npmjs.org/path-is-absolute/-/path-is-absolute-1.0.1.tgz",
      "integrity": "sha1-F0uSaHNVNP+8es5r9TpanhtcX18=",
      "dev": true
    },
    "projectz": {
      "version": "1.7.5",
      "resolved": "https://registry.npmjs.org/projectz/-/projectz-1.7.5.tgz",
      "integrity": "sha512-u9rthwkzdEo/p5Qw1Xs63DtWbOfIdJ431UrcbxWSdqwDixlA65/J5U6sB8BThdyBEAGei7rxgdtBdAteLyqb0g==",
      "dev": true,
      "requires": {
        "badges": "^1.3.0",
        "caterpillar": "^3.2.0",
        "caterpillar-filter": "^3.1.0",
        "caterpillar-human": "^3.0.0",
        "commander": "^3.0.1",
        "eachr": "^3.2.0",
        "extendr": "^3.4.1",
        "fellow": "^2.4.0",
        "githubauthquerystring": "1.0.2",
        "node-fetch": "^2.6.0",
        "safefs": "^4.1.0",
        "season": "^6.0.2",
        "spdx-expression-parse": "^3.0.0",
        "spdx-license-list": "^6.1.0",
        "taskgroup": "5",
        "typechecker": "^4.7.0"
      },
      "dependencies": {
        "editions": {
          "version": "2.2.0",
          "resolved": "https://registry.npmjs.org/editions/-/editions-2.2.0.tgz",
          "integrity": "sha512-RYg3iEA2BDLCNVe8PUkD+ox5vAKxB9XS/mAhx1bdxGCF0CpX077C0pyTA9t5D6idCYA3avl5/XDHKPsHFrygfw==",
          "dev": true,
          "requires": {
            "errlop": "^1.1.2",
            "semver": "^6.3.0"
          }
        },
        "errlop": {
          "version": "1.1.2",
          "resolved": "https://registry.npmjs.org/errlop/-/errlop-1.1.2.tgz",
          "integrity": "sha512-djkRp+urJ+SmqDBd7F6LUgm4Be1TTYBxia2bhjNdFBuBDQtJDHExD2VbxR6eyst3h1TZy3qPRCdqb6FBoFttTA==",
          "dev": true,
          "requires": {
            "editions": "^2.1.3"
          }
        },
        "extendr": {
          "version": "3.4.1",
          "resolved": "https://registry.npmjs.org/extendr/-/extendr-3.4.1.tgz",
          "integrity": "sha512-xcdwhNFctt6U7XVBYgB35YG/CZFOZUZw+OCNiMPsgbENLlajgrZLVV6bgS/9zLHnY7s5nW6nJZcNrBvq033l1w==",
          "dev": true,
          "requires": {
            "editions": "^2.1.0",
            "typechecker": "^4.7.0"
          }
        },
        "semver": {
          "version": "6.3.0",
          "resolved": "https://registry.npmjs.org/semver/-/semver-6.3.0.tgz",
          "integrity": "sha512-b39TBaTSfV6yBrapU89p5fKekE2m/NwnDocOVruQFS1/veMgdzuPcnOM34M6CwxW8jH/lxEa5rBoDeUwu5HHTw==",
          "dev": true
        },
        "typechecker": {
          "version": "4.7.0",
          "resolved": "https://registry.npmjs.org/typechecker/-/typechecker-4.7.0.tgz",
          "integrity": "sha512-4LHc1KMNJ6NDGO+dSM/yNfZQRtp8NN7psYrPHUblD62Dvkwsp3VShsbM78kOgpcmMkRTgvwdKOTjctS+uMllgQ==",
          "dev": true,
          "requires": {
            "editions": "^2.1.0"
          }
        }
      }
    },
    "readdir-cluster": {
      "version": "1.1.0",
      "resolved": "https://registry.npmjs.org/readdir-cluster/-/readdir-cluster-1.1.0.tgz",
      "integrity": "sha1-sNOxpzPBE0V7ThrYmR/fgagXSnc=",
      "dev": true,
      "requires": {
        "editions": "^1.1.1"
      }
    },
    "rfc-log-levels": {
      "version": "1.1.0",
      "resolved": "https://registry.npmjs.org/rfc-log-levels/-/rfc-log-levels-1.1.0.tgz",
      "integrity": "sha512-GFN9gTsQxHSs4PitqsnYO036weay+K7f2gQ3yj5KilKkeZhEDugAKvak1AyMfdae/LlgjcgZjPxL0inPEXueRA==",
      "dev": true
    },
    "rimraf": {
      "version": "2.7.1",
      "resolved": "https://registry.npmjs.org/rimraf/-/rimraf-2.7.1.tgz",
      "integrity": "sha512-uWjbaKIK3T1OSVptzX7Nl6PvQ3qAGtKEtVRjRuazjfL3Bx5eI409VZSqgND+4UNnmzLVdPj9FqFJNPqBZFve4w==",
      "dev": true,
      "requires": {
        "glob": "^7.1.3"
      }
    },
    "safefs": {
      "version": "4.1.0",
      "resolved": "https://registry.npmjs.org/safefs/-/safefs-4.1.0.tgz",
      "integrity": "sha1-+CrrS9165R9lPrIPZyizBYyNZEU=",
      "dev": true,
      "requires": {
        "editions": "^1.1.1",
        "graceful-fs": "^4.1.4"
      }
    },
    "season": {
      "version": "6.0.2",
      "resolved": "https://registry.npmjs.org/season/-/season-6.0.2.tgz",
      "integrity": "sha1-naWPsd3SSCTXYhstxjpxI7UCF7Y=",
      "dev": true,
      "requires": {
        "cson-parser": "^1.3.0",
        "fs-plus": "^3.0.0",
        "yargs": "^3.23.0"
      }
    },
    "semver": {
      "version": "5.5.0",
      "resolved": "https://registry.npmjs.org/semver/-/semver-5.5.0.tgz",
      "integrity": "sha512-4SJ3dm0WAwWy/NVeioZh5AntkdJoWKxHxcmyP622fOkgHa4z3R0TdBJICINyaSDE6uNwVc8gZr+ZinwZAH4xIA==",
      "dev": true
    },
    "spdx-exceptions": {
      "version": "2.2.0",
      "resolved": "https://registry.npmjs.org/spdx-exceptions/-/spdx-exceptions-2.2.0.tgz",
      "integrity": "sha512-2XQACfElKi9SlVb1CYadKDXvoajPgBVPn/gOQLrTvHdElaVhr7ZEbqJaRnJLVNeaI4cMEAgVCeBMKF6MWRDCRA==",
      "dev": true
    },
    "spdx-expression-parse": {
      "version": "3.0.0",
      "resolved": "https://registry.npmjs.org/spdx-expression-parse/-/spdx-expression-parse-3.0.0.tgz",
      "integrity": "sha512-Yg6D3XpRD4kkOmTpdgbUiEJFKghJH03fiC1OPll5h/0sO6neh2jqRDVHOQ4o/LMea0tgCkbMgea5ip/e+MkWyg==",
      "dev": true,
      "requires": {
        "spdx-exceptions": "^2.1.0",
        "spdx-license-ids": "^3.0.0"
      }
    },
    "spdx-license-ids": {
      "version": "3.0.5",
      "resolved": "https://registry.npmjs.org/spdx-license-ids/-/spdx-license-ids-3.0.5.tgz",
      "integrity": "sha512-J+FWzZoynJEXGphVIS+XEh3kFSjZX/1i9gFBaWQcB+/tmpe2qUsSBABpcxqxnAxFdiUFEgAX1bjYGQvIZmoz9Q==",
      "dev": true
    },
    "spdx-license-list": {
      "version": "6.1.0",
      "resolved": "https://registry.npmjs.org/spdx-license-list/-/spdx-license-list-6.1.0.tgz",
      "integrity": "sha512-xiaE3KtBiylVmZrlux8tHR28HZgZ921HTXbx2fEZaDloRjbBOro79LeKttcQJ5MSDYFKG7in9v2GTAEhcR9/Qg==",
      "dev": true
    },
    "string-width": {
      "version": "1.0.2",
      "resolved": "https://registry.npmjs.org/string-width/-/string-width-1.0.2.tgz",
      "integrity": "sha1-EYvfW4zcUaKn5w0hHgfisLmxB9M=",
      "dev": true,
      "requires": {
        "code-point-at": "^1.0.0",
        "is-fullwidth-code-point": "^1.0.0",
        "strip-ansi": "^3.0.0"
      }
    },
    "strip-ansi": {
      "version": "3.0.1",
      "resolved": "https://registry.npmjs.org/strip-ansi/-/strip-ansi-3.0.1.tgz",
      "integrity": "sha1-ajhfuIU9lS1f8F0Oiq+UJ43GPc8=",
      "dev": true,
      "requires": {
        "ansi-regex": "^2.0.0"
      }
    },
    "taskgroup": {
      "version": "5.3.0",
      "resolved": "https://registry.npmjs.org/taskgroup/-/taskgroup-5.3.0.tgz",
      "integrity": "sha512-++j3Yi3XZGYgAvmGzRtNa+BnDvkPbdroyMffCY+Gj9A4iH2IJ1S7/g6LewGVXQkVw/KOzlfE1TimARYXvOEsgQ==",
      "dev": true,
      "requires": {
        "ambi": "^3.0.0",
        "eachr": "^3.2.0",
        "editions": "^1.3.4",
        "extendr": "^3.2.2",
        "unbounded": "^1.1.0"
      }
    },
    "timers-ext": {
      "version": "0.1.7",
      "resolved": "https://registry.npmjs.org/timers-ext/-/timers-ext-0.1.7.tgz",
      "integrity": "sha512-b85NUNzTSdodShTIbky6ZF02e8STtVVfD+fu4aXXShEELpozH+bCpJLYMPZbsABN2wDH7fJpqIoXxJpzbf0NqQ==",
      "dev": true,
      "optional": true,
      "requires": {
        "es5-ext": "~0.10.46",
        "next-tick": "1"
      }
    },
    "typechecker": {
      "version": "4.6.0",
      "resolved": "https://registry.npmjs.org/typechecker/-/typechecker-4.6.0.tgz",
      "integrity": "sha512-83OrXpyP3LNr7aRbLkt2nkjE/d7q8su8/uRvrKxCpswqVCVGOgyaKpaz8/MTjQqBYe4eLNuJ44pNakFZKqyPMA==",
      "dev": true,
      "requires": {
        "editions": "^2.0.2"
      },
      "dependencies": {
        "editions": {
          "version": "2.0.2",
          "resolved": "https://registry.npmjs.org/editions/-/editions-2.0.2.tgz",
          "integrity": "sha512-0B8aSTWUu9+JW99zHoeogavCi+lkE5l35FK0OKe0pCobixJYoeof3ZujtqYzSsU2MskhRadY5V9oWUuyG4aJ3A==",
          "dev": true,
          "requires": {
            "errlop": "^1.0.2",
            "semver": "^5.5.0"
          }
        }
      }
    },
    "unbounded": {
      "version": "1.1.0",
      "resolved": "https://registry.npmjs.org/unbounded/-/unbounded-1.1.0.tgz",
      "integrity": "sha512-kmPrjST7m53WbxoMqk6QUFvWOp/ZGssCA0Zls63pbt+7cZqST4i0YIVLNX97ZlsMv/ml+0CPBVN15sVdSi/yZA==",
      "dev": true,
      "requires": {
        "editions": "^1.3.4"
      }
    },
    "underscore": {
      "version": "1.9.1",
      "resolved": "https://registry.npmjs.org/underscore/-/underscore-1.9.1.tgz",
      "integrity": "sha512-5/4etnCkd9c8gwgowi5/om/mYO5ajCaOgdzj/oW+0eQV9WxKBDZw5+ycmKmeaTXjInS/W0BzpGLo2xR2aBwZdg==",
      "dev": true
    },
    "underscore-plus": {
      "version": "1.7.0",
      "resolved": "https://registry.npmjs.org/underscore-plus/-/underscore-plus-1.7.0.tgz",
      "integrity": "sha512-A3BEzkeicFLnr+U/Q3EyWwJAQPbA19mtZZ4h+lLq3ttm9kn8WC4R3YpuJZEXmWdLjYP47Zc8aLZm9kwdv+zzvA==",
      "dev": true,
      "requires": {
        "underscore": "^1.9.1"
      }
    },
    "valid-directory": {
      "version": "1.0.0",
      "resolved": "https://registry.npmjs.org/valid-directory/-/valid-directory-1.0.0.tgz",
      "integrity": "sha512-8aSReAEkNiMKEs39jm4jCyn3z7vHmbFne9m/kF+WG8OhdzXbTBpCNSgxTTVmyryqPF3VpNznVGBsJ4eX3gts7Q==",
      "dev": true,
      "requires": {
        "readdir-cluster": "^1.1.0",
        "valid-filename": "^2.0.1"
      }
    },
    "valid-filename": {
      "version": "2.0.1",
      "resolved": "https://registry.npmjs.org/valid-filename/-/valid-filename-2.0.1.tgz",
      "integrity": "sha1-B2jW82Sx7TvfaPDRWr/7DZ1s7K8=",
      "dev": true,
      "requires": {
        "filename-reserved-regex": "^2.0.0"
      }
    },
    "window-size": {
      "version": "0.1.4",
      "resolved": "https://registry.npmjs.org/window-size/-/window-size-0.1.4.tgz",
      "integrity": "sha1-+OGqHuWlPsW/FR/6CXQqatdpeHY=",
      "dev": true
    },
    "wrap-ansi": {
      "version": "2.1.0",
      "resolved": "https://registry.npmjs.org/wrap-ansi/-/wrap-ansi-2.1.0.tgz",
      "integrity": "sha1-2Pw9KE3QV5T+hJc8rs3Rz4JP3YU=",
      "dev": true,
      "requires": {
        "string-width": "^1.0.1",
        "strip-ansi": "^3.0.1"
      }
    },
    "wrappy": {
      "version": "1.0.2",
      "resolved": "https://registry.npmjs.org/wrappy/-/wrappy-1.0.2.tgz",
      "integrity": "sha1-tSQ9jz7BqjXxNkYFvA0QNuMKtp8=",
      "dev": true
    },
    "y18n": {
      "version": "3.2.1",
      "resolved": "https://registry.npmjs.org/y18n/-/y18n-3.2.1.tgz",
      "integrity": "sha1-bRX7qITAhnnA136I53WegR4H+kE=",
      "dev": true
    },
    "yargs": {
      "version": "3.32.0",
      "resolved": "https://registry.npmjs.org/yargs/-/yargs-3.32.0.tgz",
      "integrity": "sha1-AwiOnr+edWtpdRYR0qXvWRSCyZU=",
      "dev": true,
      "requires": {
        "camelcase": "^2.0.1",
        "cliui": "^3.0.3",
        "decamelize": "^1.1.1",
        "os-locale": "^1.4.0",
        "string-width": "^1.0.1",
        "window-size": "^0.1.4",
        "y18n": "^3.2.0"
      }
    }
  }
}
